
Microsoft Visual Studio Solution File, Format Version 12.00
# Visual Studio Version 16
VisualStudioVersion = 16.0.31005.135
MinimumVisualStudioVersion = 10.0.40219.1
Project("{FAE04EC0-301F-11D3-BF4B-00C04F79EFBC}") = "RecipeIngredientSystem.PL", "RecipeIngredientSystem.PL\RecipeIngredientSystem.PL.csproj", "{BD4B54CA-A86B-477B-B46D-76A2BCEFAAC1}"
EndProject
Project("{FAE04EC0-301F-11D3-BF4B-00C04F79EFBC}") = "RecipeIngredientSystem.Entities", "RecipeIngredientSystem.Entities\RecipeIngredientSystem.Entities.csproj", "{2CF2D0A9-DA8F-43F0-8792-905860A9273A}"
EndProject
Project("{FAE04EC0-301F-11D3-BF4B-00C04F79EFBC}") = "RecipeIngredientSystem.DAL", "RecipeIngredientSystem.DAL\RecipeIngredientSystem.DAL.csproj", "{C0A837DA-98A1-4F93-8441-C0C9AE4B2EEF}"
EndProject
Project("{FAE04EC0-301F-11D3-BF4B-00C04F79EFBC}") = "RecipeIngredientSystem.BL", "RecipeIngredientSystem.BL\RecipeIngredientSystem.BL.csproj", "{11FD244E-E68E-4F6C-991D-10D7F0584A9D}"
EndProject
Project("{FAE04EC0-301F-11D3-BF4B-00C04F79EFBC}") = "RecipeIngredientSystem.Exceptions", "RecipeIngredientSystem.Exceptions\RecipeIngredientSystem.Exceptions.csproj", "{4CAD3FE6-0310-4B56-AD37-7A6EE960053B}"
EndProject
Global
	GlobalSection(SolutionConfigurationPlatforms) = preSolution
		Debug|Any CPU = Debug|Any CPU
		Release|Any CPU = Release|Any CPU
	EndGlobalSection
	GlobalSection(ProjectConfigurationPlatforms) = postSolution
		{BD4B54CA-A86B-477B-B46D-76A2BCEFAAC1}.Debug|Any CPU.ActiveCfg = Debug|Any CPU
		{BD4B54CA-A86B-477B-B46D-76A2BCEFAAC1}.Debug|Any CPU.Build.0 = Debug|Any CPU
		{BD4B54CA-A86B-477B-B46D-76A2BCEFAAC1}.Release|Any CPU.ActiveCfg = Release|Any CPU
		{BD4B54CA-A86B-477B-B46D-76A2BCEFAAC1}.Release|Any CPU.Build.0 = Release|Any CPU
		{2CF2D0A9-DA8F-43F0-8792-905860A9273A}.Debug|Any CPU.ActiveCfg = Debug|Any CPU
		{2CF2D0A9-DA8F-43F0-8792-905860A9273A}.Debug|Any CPU.Build.0 = Debug|Any CPU
		{2CF2D0A9-DA8F-43F0-8792-905860A9273A}.Release|Any CPU.ActiveCfg = Release|Any CPU
		{2CF2D0A9-DA8F-43F0-8792-905860A9273A}.Release|Any CPU.Build.0 = Release|Any CPU
		{C0A837DA-98A1-4F93-8441-C0C9AE4B2EEF}.Debug|Any CPU.ActiveCfg = Debug|Any CPU
		{C0A837DA-98A1-4F93-8441-C0C9AE4B2EEF}.Debug|Any CPU.Build.0 = Debug|Any CPU
		{C0A837DA-98A1-4F93-8441-C0C9AE4B2EEF}.Release|Any CPU.ActiveCfg = Release|Any CPU
		{C0A837DA-98A1-4F93-8441-C0C9AE4B2EEF}.Release|Any CPU.Build.0 = Release|Any CPU
		{11FD244E-E68E-4F6C-991D-10D7F0584A9D}.Debug|Any CPU.ActiveCfg = Debug|Any CPU
		{11FD244E-E68E-4F6C-991D-10D7F0584A9D}.Debug|Any CPU.Build.0 = Debug|Any CPU
		{11FD244E-E68E-4F6C-991D-10D7F0584A9D}.Release|Any CPU.ActiveCfg = Release|Any CPU
		{11FD244E-E68E-4F6C-991D-10D7F0584A9D}.Release|Any CPU.Build.0 = Release|Any CPU
		{4CAD3FE6-0310-4B56-AD37-7A6EE960053B}.Debug|Any CPU.ActiveCfg = Debug|Any CPU
		{4CAD3FE6-0310-4B56-AD37-7A6EE960053B}.Debug|Any CPU.Build.0 = Debug|Any CPU
		{4CAD3FE6-0310-4B56-AD37-7A6EE960053B}.Release|Any CPU.ActiveCfg = Release|Any CPU
		{4CAD3FE6-0310-4B56-AD37-7A6EE960053B}.Release|Any CPU.Build.0 = Release|Any CPU
	EndGlobalSection
	GlobalSection(SolutionProperties) = preSolution
		HideSolutionNode = FALSE
	EndGlobalSection
	GlobalSection(ExtensibilityGlobals) = postSolution
		SolutionGuid = {0288AC79-766E-4052-9C8A-DA844E8DA00B}
	EndGlobalSection
EndGlobal
